
Microsoft Visual Studio Solution File, Format Version 12.00
# Visual Studio Version 17
VisualStudioVersion = 17.0.31903.59
MinimumVisualStudioVersion = 10.0.40219.1
Project("{FAE04EC0-301F-11D3-BF4B-00C04F79EFBC}") = "API", "API\API.csproj", "{38A4E82B-FC64-4470-8A2B-229E394D1F1E}"
EndProject
Project("{FAE04EC0-301F-11D3-BF4B-00C04F79EFBC}") = "Domain", "Domain\Domain.csproj", "{E65634BB-5EB1-4CBC-85E1-77C6DDC47CA7}"
EndProject
Project("{FAE04EC0-301F-11D3-BF4B-00C04F79EFBC}") = "Application", "Application\Application.csproj", "{0C098767-B91A-4D3A-9718-23DC6684751E}"
EndProject
Project("{FAE04EC0-301F-11D3-BF4B-00C04F79EFBC}") = "Persistence", "Persistence\Persistence.csproj", "{FA273FBC-3357-4C42-9A26-2F8275B801F2}"
EndProject
Global
	GlobalSection(SolutionConfigurationPlatforms) = preSolution
		Debug|Any CPU = Debug|Any CPU
		Release|Any CPU = Release|Any CPU
	EndGlobalSection
	GlobalSection(SolutionProperties) = preSolution
		HideSolutionNode = FALSE
	EndGlobalSection
	GlobalSection(ProjectConfigurationPlatforms) = postSolution
		{38A4E82B-FC64-4470-8A2B-229E394D1F1E}.Debug|Any CPU.ActiveCfg = Debug|Any CPU
		{38A4E82B-FC64-4470-8A2B-229E394D1F1E}.Debug|Any CPU.Build.0 = Debug|Any CPU
		{38A4E82B-FC64-4470-8A2B-229E394D1F1E}.Release|Any CPU.ActiveCfg = Release|Any CPU
		{38A4E82B-FC64-4470-8A2B-229E394D1F1E}.Release|Any CPU.Build.0 = Release|Any CPU
		{E65634BB-5EB1-4CBC-85E1-77C6DDC47CA7}.Debug|Any CPU.ActiveCfg = Debug|Any CPU
		{E65634BB-5EB1-4CBC-85E1-77C6DDC47CA7}.Debug|Any CPU.Build.0 = Debug|Any CPU
		{E65634BB-5EB1-4CBC-85E1-77C6DDC47CA7}.Release|Any CPU.ActiveCfg = Release|Any CPU
		{E65634BB-5EB1-4CBC-85E1-77C6DDC47CA7}.Release|Any CPU.Build.0 = Release|Any CPU
		{0C098767-B91A-4D3A-9718-23DC6684751E}.Debug|Any CPU.ActiveCfg = Debug|Any CPU
		{0C098767-B91A-4D3A-9718-23DC6684751E}.Debug|Any CPU.Build.0 = Debug|Any CPU
		{0C098767-B91A-4D3A-9718-23DC6684751E}.Release|Any CPU.ActiveCfg = Release|Any CPU
		{0C098767-B91A-4D3A-9718-23DC6684751E}.Release|Any CPU.Build.0 = Release|Any CPU
		{FA273FBC-3357-4C42-9A26-2F8275B801F2}.Debug|Any CPU.ActiveCfg = Debug|Any CPU
		{FA273FBC-3357-4C42-9A26-2F8275B801F2}.Debug|Any CPU.Build.0 = Debug|Any CPU
		{FA273FBC-3357-4C42-9A26-2F8275B801F2}.Release|Any CPU.ActiveCfg = Release|Any CPU
		{FA273FBC-3357-4C42-9A26-2F8275B801F2}.Release|Any CPU.Build.0 = Release|Any CPU
	EndGlobalSection
EndGlobal
